
Microsoft Visual Studio Solution File, Format Version 12.00
# Visual Studio Version 17
VisualStudioVersion = 17.0.31903.59
MinimumVisualStudioVersion = 10.0.40219.1
Project("{2150E333-8FDC-42A3-9474-1A3956D46DE8}") = "Libraries", "Libraries", "{C821259E-14CB-4EEB-97C8-46DE3347ECA5}"
EndProject
Project("{FAE04EC0-301F-11D3-BF4B-00C04F79EFBC}") = "Credentialless", "Libraries\Credentialless\Credentialless.csproj", "{341A44FB-B50E-45AA-9252-85520C227DFC}"
EndProject
Project("{2150E333-8FDC-42A3-9474-1A3956D46DE8}") = "Presentation", "Presentation", "{78BBCEC3-3ACE-46F6-9F3C-15620A6147E3}"
EndProject
Project("{FAE04EC0-301F-11D3-BF4B-00C04F79EFBC}") = "Credentialless.Web", "Presentation\Credentialless.Web\Credentialless.Web.csproj", "{077B04EC-0070-4E2F-AFC5-81778A21BB6B}"
EndProject
Global
	GlobalSection(SolutionConfigurationPlatforms) = preSolution
		Debug|Any CPU = Debug|Any CPU
		Release|Any CPU = Release|Any CPU
	EndGlobalSection
	GlobalSection(SolutionProperties) = preSolution
		HideSolutionNode = FALSE
	EndGlobalSection
	GlobalSection(ProjectConfigurationPlatforms) = postSolution
		{341A44FB-B50E-45AA-9252-85520C227DFC}.Debug|Any CPU.ActiveCfg = Debug|Any CPU
		{341A44FB-B50E-45AA-9252-85520C227DFC}.Debug|Any CPU.Build.0 = Debug|Any CPU
		{341A44FB-B50E-45AA-9252-85520C227DFC}.Release|Any CPU.ActiveCfg = Release|Any CPU
		{341A44FB-B50E-45AA-9252-85520C227DFC}.Release|Any CPU.Build.0 = Release|Any CPU
		{077B04EC-0070-4E2F-AFC5-81778A21BB6B}.Debug|Any CPU.ActiveCfg = Debug|Any CPU
		{077B04EC-0070-4E2F-AFC5-81778A21BB6B}.Debug|Any CPU.Build.0 = Debug|Any CPU
		{077B04EC-0070-4E2F-AFC5-81778A21BB6B}.Release|Any CPU.ActiveCfg = Release|Any CPU
		{077B04EC-0070-4E2F-AFC5-81778A21BB6B}.Release|Any CPU.Build.0 = Release|Any CPU
	EndGlobalSection
	GlobalSection(NestedProjects) = preSolution
		{341A44FB-B50E-45AA-9252-85520C227DFC} = {C821259E-14CB-4EEB-97C8-46DE3347ECA5}
		{077B04EC-0070-4E2F-AFC5-81778A21BB6B} = {78BBCEC3-3ACE-46F6-9F3C-15620A6147E3}
	EndGlobalSection
EndGlobal
